
Microsoft Visual Studio Solution File, Format Version 12.00
# Visual Studio Version 17
VisualStudioVersion = 17.1.32210.238
MinimumVisualStudioVersion = 10.0.40219.1
Project("{FAE04EC0-301F-11D3-BF4B-00C04F79EFBC}") = "LABUnitTestProject", "LABUnitTestProject\LABUnitTestProject.csproj", "{14F709F5-E016-44B2-A538-D85E404E40EC}"
EndProject
Project("{FAE04EC0-301F-11D3-BF4B-00C04F79EFBC}") = "ClassLibrary1", "ClassLibrary1\ClassLibrary1.csproj", "{59D5E83A-2879-486C-8B00-16C6BC1FE3B6}"
EndProject
Global
	GlobalSection(SolutionConfigurationPlatforms) = preSolution
		Debug|Any CPU = Debug|Any CPU
		Release|Any CPU = Release|Any CPU
	EndGlobalSection
	GlobalSection(ProjectConfigurationPlatforms) = postSolution
		{14F709F5-E016-44B2-A538-D85E404E40EC}.Debug|Any CPU.ActiveCfg = Debug|Any CPU
		{14F709F5-E016-44B2-A538-D85E404E40EC}.Debug|Any CPU.Build.0 = Debug|Any CPU
		{14F709F5-E016-44B2-A538-D85E404E40EC}.Release|Any CPU.ActiveCfg = Release|Any CPU
		{14F709F5-E016-44B2-A538-D85E404E40EC}.Release|Any CPU.Build.0 = Release|Any CPU
		{59D5E83A-2879-486C-8B00-16C6BC1FE3B6}.Debug|Any CPU.ActiveCfg = Debug|Any CPU
		{59D5E83A-2879-486C-8B00-16C6BC1FE3B6}.Debug|Any CPU.Build.0 = Debug|Any CPU
		{59D5E83A-2879-486C-8B00-16C6BC1FE3B6}.Release|Any CPU.ActiveCfg = Release|Any CPU
		{59D5E83A-2879-486C-8B00-16C6BC1FE3B6}.Release|Any CPU.Build.0 = Release|Any CPU
	EndGlobalSection
	GlobalSection(SolutionProperties) = preSolution
		HideSolutionNode = FALSE
	EndGlobalSection
	GlobalSection(ExtensibilityGlobals) = postSolution
		SolutionGuid = {D1BC3894-F0BC-41F5-96C5-623E5C927558}
	EndGlobalSection
EndGlobal
